
Microsoft Visual Studio Solution File, Format Version 12.00
# Visual Studio Version 17
VisualStudioVersion = 17.3.32929.385
MinimumVisualStudioVersion = 10.0.40219.1
Project("{9A19103F-16F7-4668-BE54-9A1E7A4F7556}") = "SideBar", "SideBar\SideBar.csproj", "{CE31E98D-C064-4514-8638-FF5A0D0F3BA0}"
EndProject
Global
	GlobalSection(SolutionConfigurationPlatforms) = preSolution
		Debug|Any CPU = Debug|Any CPU
		Release|Any CPU = Release|Any CPU
	EndGlobalSection
	GlobalSection(ProjectConfigurationPlatforms) = postSolution
		{CE31E98D-C064-4514-8638-FF5A0D0F3BA0}.Debug|Any CPU.ActiveCfg = Debug|Any CPU
		{CE31E98D-C064-4514-8638-FF5A0D0F3BA0}.Debug|Any CPU.Build.0 = Debug|Any CPU
		{CE31E98D-C064-4514-8638-FF5A0D0F3BA0}.Release|Any CPU.ActiveCfg = Release|Any CPU
		{CE31E98D-C064-4514-8638-FF5A0D0F3BA0}.Release|Any CPU.Build.0 = Release|Any CPU
	EndGlobalSection
	GlobalSection(SolutionProperties) = preSolution
		HideSolutionNode = FALSE
	EndGlobalSection
	GlobalSection(ExtensibilityGlobals) = postSolution
		SolutionGuid = {644E2C6F-75B8-4BAF-B11B-BFE64126A8BB}
	EndGlobalSection
EndGlobal
